
Microsoft Visual Studio Solution File, Format Version 12.00
# Visual Studio Version 17
VisualStudioVersion = 17.2.32602.215
MinimumVisualStudioVersion = 10.0.40219.1
Project("{FAE04EC0-301F-11D3-BF4B-00C04F79EFBC}") = "Booking", "Booking\Booking.csproj", "{EAD11BA2-82BF-4E9F-ABEA-305BEBC5A196}"
EndProject
Global
	GlobalSection(SolutionConfigurationPlatforms) = preSolution
		Debug|Any CPU = Debug|Any CPU
		Release|Any CPU = Release|Any CPU
	EndGlobalSection
	GlobalSection(ProjectConfigurationPlatforms) = postSolution
		{EAD11BA2-82BF-4E9F-ABEA-305BEBC5A196}.Debug|Any CPU.ActiveCfg = Debug|Any CPU
		{EAD11BA2-82BF-4E9F-ABEA-305BEBC5A196}.Debug|Any CPU.Build.0 = Debug|Any CPU
		{EAD11BA2-82BF-4E9F-ABEA-305BEBC5A196}.Release|Any CPU.ActiveCfg = Release|Any CPU
		{EAD11BA2-82BF-4E9F-ABEA-305BEBC5A196}.Release|Any CPU.Build.0 = Release|Any CPU
	EndGlobalSection
	GlobalSection(SolutionProperties) = preSolution
		HideSolutionNode = FALSE
	EndGlobalSection
	GlobalSection(ExtensibilityGlobals) = postSolution
		SolutionGuid = {260DAAA3-81E2-4477-871F-C43CFA6707C7}
	EndGlobalSection
EndGlobal
